
Microsoft Visual Studio Solution File, Format Version 12.00
# Visual Studio Version 16
VisualStudioVersion = 16.0.29318.209
MinimumVisualStudioVersion = 10.0.40219.1
Project("{FAE04EC0-301F-11D3-BF4B-00C04F79EFBC}") = "EstadoReal", "EstadoReal.csproj", "{4157A3D9-0F68-46E4-8830-9DBFB5576A96}"
EndProject
Global
	GlobalSection(SolutionConfigurationPlatforms) = preSolution
		Debug|Any CPU = Debug|Any CPU
		Release|Any CPU = Release|Any CPU
	EndGlobalSection
	GlobalSection(ProjectConfigurationPlatforms) = postSolution
		{4157A3D9-0F68-46E4-8830-9DBFB5576A96}.Debug|Any CPU.ActiveCfg = Debug|Any CPU
		{4157A3D9-0F68-46E4-8830-9DBFB5576A96}.Debug|Any CPU.Build.0 = Debug|Any CPU
		{4157A3D9-0F68-46E4-8830-9DBFB5576A96}.Release|Any CPU.ActiveCfg = Release|Any CPU
		{4157A3D9-0F68-46E4-8830-9DBFB5576A96}.Release|Any CPU.Build.0 = Release|Any CPU
	EndGlobalSection
	GlobalSection(SolutionProperties) = preSolution
		HideSolutionNode = FALSE
	EndGlobalSection
	GlobalSection(ExtensibilityGlobals) = postSolution
		SolutionGuid = {A41A7BF6-F87E-4E2A-8955-ECE733E506A0}
	EndGlobalSection
EndGlobal
